
Microsoft Visual Studio Solution File, Format Version 12.00
# Visual Studio Version 17
VisualStudioVersion = 17.10.34928.147
MinimumVisualStudioVersion = 10.0.40219.1
Project("{2150E333-8FDC-42A3-9474-1A3956D46DE8}") = "4-EBR", "4-EBR", "{EB35D1CC-0B75-43FC-88A9-DB59F51CE378}"
EndProject
Project("{2150E333-8FDC-42A3-9474-1A3956D46DE8}") = "3-ABR", "3-ABR", "{BB1AA2C4-20E7-4BCF-B4F5-15D588C99078}"
EndProject
Project("{2150E333-8FDC-42A3-9474-1A3956D46DE8}") = "2-IEA", "2-IEA", "{4A7417CA-A837-4960-A878-CC387696E38D}"
EndProject
Project("{2150E333-8FDC-42A3-9474-1A3956D46DE8}") = "1-FDR", "1-FDR", "{074B8904-FF3F-4CC7-AD17-9E12CE9D58EF}"
EndProject
Project("{9A19103F-16F7-4668-BE54-9A1E7A4F7556}") = "FDR.Create.Api", "FDR.Create.Api\FDR.Create.Api.csproj", "{C72673CE-B9B6-41DA-BEF3-E1F353E25CD0}"
EndProject
Project("{2150E333-8FDC-42A3-9474-1A3956D46DE8}") = "Gateways", "Gateways", "{147F6DE8-61D9-4B35-80B4-C6074A2CDE97}"
EndProject
Project("{9A19103F-16F7-4668-BE54-9A1E7A4F7556}") = "Rabbit.Consumer.Create", "Rabbit.Consumer.Create\Rabbit.Consumer.Create.csproj", "{8E1B972C-E56D-46DD-8D8A-E66F92458533}"
EndProject
Project("{9A19103F-16F7-4668-BE54-9A1E7A4F7556}") = "CreateController", "CreateController\CreateController.csproj", "{813AA942-182F-45EC-B8BA-BE7FE75C3E06}"
EndProject
Project("{9A19103F-16F7-4668-BE54-9A1E7A4F7556}") = "CreateInterface", "CreateInterface\CreateInterface.csproj", "{9E95F761-84D8-42BE-B9BA-FB8E164E1A31}"
EndProject
Project("{9A19103F-16F7-4668-BE54-9A1E7A4F7556}") = "CreateUseCases", "CreateUseCases\CreateUseCases.csproj", "{C4B1E134-4892-47EB-96D1-D8FAFEB176F4}"
EndProject
Project("{9A19103F-16F7-4668-BE54-9A1E7A4F7556}") = "CreateEntitys", "CreateEntitys\CreateEntitys.csproj", "{6FE161EF-20C0-45CC-96D4-7DC7D3B4A24E}"
EndProject
Project("{FAE04EC0-301F-11D3-BF4B-00C04F79EFBC}") = "QueueGateway", "QueueGateway\QueueGateway.csproj", "{27716735-71BF-49FE-B362-56017A736779}"
EndProject
Project("{FAE04EC0-301F-11D3-BF4B-00C04F79EFBC}") = "CreateDto", "CreateDto\CreateDto.csproj", "{B80FFF98-E0BF-428C-A850-CFFCFEF4EF63}"
EndProject
Global
	GlobalSection(SolutionConfigurationPlatforms) = preSolution
		Debug|Any CPU = Debug|Any CPU
		Release|Any CPU = Release|Any CPU
	EndGlobalSection
	GlobalSection(ProjectConfigurationPlatforms) = postSolution
		{C72673CE-B9B6-41DA-BEF3-E1F353E25CD0}.Debug|Any CPU.ActiveCfg = Debug|Any CPU
		{C72673CE-B9B6-41DA-BEF3-E1F353E25CD0}.Debug|Any CPU.Build.0 = Debug|Any CPU
		{C72673CE-B9B6-41DA-BEF3-E1F353E25CD0}.Release|Any CPU.ActiveCfg = Release|Any CPU
		{C72673CE-B9B6-41DA-BEF3-E1F353E25CD0}.Release|Any CPU.Build.0 = Release|Any CPU
		{8E1B972C-E56D-46DD-8D8A-E66F92458533}.Debug|Any CPU.ActiveCfg = Debug|Any CPU
		{8E1B972C-E56D-46DD-8D8A-E66F92458533}.Debug|Any CPU.Build.0 = Debug|Any CPU
		{8E1B972C-E56D-46DD-8D8A-E66F92458533}.Release|Any CPU.ActiveCfg = Release|Any CPU
		{8E1B972C-E56D-46DD-8D8A-E66F92458533}.Release|Any CPU.Build.0 = Release|Any CPU
		{813AA942-182F-45EC-B8BA-BE7FE75C3E06}.Debug|Any CPU.ActiveCfg = Debug|Any CPU
		{813AA942-182F-45EC-B8BA-BE7FE75C3E06}.Debug|Any CPU.Build.0 = Debug|Any CPU
		{813AA942-182F-45EC-B8BA-BE7FE75C3E06}.Release|Any CPU.ActiveCfg = Release|Any CPU
		{813AA942-182F-45EC-B8BA-BE7FE75C3E06}.Release|Any CPU.Build.0 = Release|Any CPU
		{9E95F761-84D8-42BE-B9BA-FB8E164E1A31}.Debug|Any CPU.ActiveCfg = Debug|Any CPU
		{9E95F761-84D8-42BE-B9BA-FB8E164E1A31}.Debug|Any CPU.Build.0 = Debug|Any CPU
		{9E95F761-84D8-42BE-B9BA-FB8E164E1A31}.Release|Any CPU.ActiveCfg = Release|Any CPU
		{9E95F761-84D8-42BE-B9BA-FB8E164E1A31}.Release|Any CPU.Build.0 = Release|Any CPU
		{C4B1E134-4892-47EB-96D1-D8FAFEB176F4}.Debug|Any CPU.ActiveCfg = Debug|Any CPU
		{C4B1E134-4892-47EB-96D1-D8FAFEB176F4}.Debug|Any CPU.Build.0 = Debug|Any CPU
		{C4B1E134-4892-47EB-96D1-D8FAFEB176F4}.Release|Any CPU.ActiveCfg = Release|Any CPU
		{C4B1E134-4892-47EB-96D1-D8FAFEB176F4}.Release|Any CPU.Build.0 = Release|Any CPU
		{6FE161EF-20C0-45CC-96D4-7DC7D3B4A24E}.Debug|Any CPU.ActiveCfg = Debug|Any CPU
		{6FE161EF-20C0-45CC-96D4-7DC7D3B4A24E}.Debug|Any CPU.Build.0 = Debug|Any CPU
		{6FE161EF-20C0-45CC-96D4-7DC7D3B4A24E}.Release|Any CPU.ActiveCfg = Release|Any CPU
		{6FE161EF-20C0-45CC-96D4-7DC7D3B4A24E}.Release|Any CPU.Build.0 = Release|Any CPU
		{27716735-71BF-49FE-B362-56017A736779}.Debug|Any CPU.ActiveCfg = Debug|Any CPU
		{27716735-71BF-49FE-B362-56017A736779}.Debug|Any CPU.Build.0 = Debug|Any CPU
		{27716735-71BF-49FE-B362-56017A736779}.Release|Any CPU.ActiveCfg = Release|Any CPU
		{27716735-71BF-49FE-B362-56017A736779}.Release|Any CPU.Build.0 = Release|Any CPU
		{B80FFF98-E0BF-428C-A850-CFFCFEF4EF63}.Debug|Any CPU.ActiveCfg = Debug|Any CPU
		{B80FFF98-E0BF-428C-A850-CFFCFEF4EF63}.Debug|Any CPU.Build.0 = Debug|Any CPU
		{B80FFF98-E0BF-428C-A850-CFFCFEF4EF63}.Release|Any CPU.ActiveCfg = Release|Any CPU
		{B80FFF98-E0BF-428C-A850-CFFCFEF4EF63}.Release|Any CPU.Build.0 = Release|Any CPU
	EndGlobalSection
	GlobalSection(SolutionProperties) = preSolution
		HideSolutionNode = FALSE
	EndGlobalSection
	GlobalSection(NestedProjects) = preSolution
		{C72673CE-B9B6-41DA-BEF3-E1F353E25CD0} = {074B8904-FF3F-4CC7-AD17-9E12CE9D58EF}
		{147F6DE8-61D9-4B35-80B4-C6074A2CDE97} = {4A7417CA-A837-4960-A878-CC387696E38D}
		{8E1B972C-E56D-46DD-8D8A-E66F92458533} = {074B8904-FF3F-4CC7-AD17-9E12CE9D58EF}
		{813AA942-182F-45EC-B8BA-BE7FE75C3E06} = {4A7417CA-A837-4960-A878-CC387696E38D}
		{9E95F761-84D8-42BE-B9BA-FB8E164E1A31} = {4A7417CA-A837-4960-A878-CC387696E38D}
		{C4B1E134-4892-47EB-96D1-D8FAFEB176F4} = {BB1AA2C4-20E7-4BCF-B4F5-15D588C99078}
		{6FE161EF-20C0-45CC-96D4-7DC7D3B4A24E} = {EB35D1CC-0B75-43FC-88A9-DB59F51CE378}
		{27716735-71BF-49FE-B362-56017A736779} = {147F6DE8-61D9-4B35-80B4-C6074A2CDE97}
		{B80FFF98-E0BF-428C-A850-CFFCFEF4EF63} = {147F6DE8-61D9-4B35-80B4-C6074A2CDE97}
	EndGlobalSection
	GlobalSection(ExtensibilityGlobals) = postSolution
		SolutionGuid = {A2445399-5ABB-4272-875F-DE059539A92F}
	EndGlobalSection
EndGlobal
